// !$*UTF8*$!
{
	archiveVersion = 1;
	classes = {
	};
	objectVersion = 55;
	objects = {

/* Begin PBXBuildFile section */
		004F5C0628F823D900FF244A /* ModelData.swift in Sources */ = {isa = PBXBuildFile; fileRef = 004F5C0528F823D900FF244A /* ModelData.swift */; };
		00E0775828F6B7C600D9CE9F /* SwiftUIDemoApp.swift in Sources */ = {isa = PBXBuildFile; fileRef = 00E0775728F6B7C600D9CE9F /* SwiftUIDemoApp.swift */; };
		00E0775A28F6B7C600D9CE9F /* ContentView.swift in Sources */ = {isa = PBXBuildFile; fileRef = 00E0775928F6B7C600D9CE9F /* ContentView.swift */; };
		00E0775C28F6B7C800D9CE9F /* Assets.xcassets in Resources */ = {isa = PBXBuildFile; fileRef = 00E0775B28F6B7C800D9CE9F /* Assets.xcassets */; };
		00E0775F28F6B7C800D9CE9F /* Preview Assets.xcassets in Resources */ = {isa = PBXBuildFile; fileRef = 00E0775E28F6B7C800D9CE9F /* Preview Assets.xcassets */; };
		00E0776928F6B7C800D9CE9F /* SwiftUIDemoTests.swift in Sources */ = {isa = PBXBuildFile; fileRef = 00E0776828F6B7C800D9CE9F /* SwiftUIDemoTests.swift */; };
		00E0777328F6B7C800D9CE9F /* SwiftUIDemoUITests.swift in Sources */ = {isa = PBXBuildFile; fileRef = 00E0777228F6B7C800D9CE9F /* SwiftUIDemoUITests.swift */; };
		00E0777528F6B7C800D9CE9F /* SwiftUIDemoUITestsLaunchTests.swift in Sources */ = {isa = PBXBuildFile; fileRef = 00E0777428F6B7C800D9CE9F /* SwiftUIDemoUITestsLaunchTests.swift */; };
		00E0778228F6C3E300D9CE9F /* CircleImage.swift in Sources */ = {isa = PBXBuildFile; fileRef = 00E0778128F6C3E300D9CE9F /* CircleImage.swift */; };
		00E0778428F6C58700D9CE9F /* MapView.swift in Sources */ = {isa = PBXBuildFile; fileRef = 00E0778328F6C58700D9CE9F /* MapView.swift */; };
		00E0778728F6CC4300D9CE9F /* landmarkData.json in Resources */ = {isa = PBXBuildFile; fileRef = 00E0778628F6CC4300D9CE9F /* landmarkData.json */; };
		00E0778928F6CC6D00D9CE9F /* Landmarks.swift in Sources */ = {isa = PBXBuildFile; fileRef = 00E0778828F6CC6D00D9CE9F /* Landmarks.swift */; };
/* End PBXBuildFile section */

/* Begin PBXContainerItemProxy section */
		00E0776528F6B7C800D9CE9F /* PBXContainerItemProxy */ = {
			isa = PBXContainerItemProxy;
			containerPortal = 00E0774C28F6B7C600D9CE9F /* Project object */;
			proxyType = 1;
			remoteGlobalIDString = 00E0775328F6B7C600D9CE9F;
			remoteInfo = SwiftUIDemo;
		};
		00E0776F28F6B7C800D9CE9F /* PBXContainerItemProxy */ = {
			isa = PBXContainerItemProxy;
			containerPortal = 00E0774C28F6B7C600D9CE9F /* Project object */;
			proxyType = 1;
			remoteGlobalIDString = 00E0775328F6B7C600D9CE9F;
			remoteInfo = SwiftUIDemo;
		};
/* End PBXContainerItemProxy section */

/* Begin PBXFileReference section */
		004F5C0528F823D900FF244A /* ModelData.swift */ = {isa = PBXFileReference; lastKnownFileType = sourcecode.swift; path = ModelData.swift; sourceTree = "<group>"; };
		00E0775428F6B7C600D9CE9F /* SwiftUIDemo.app */ = {isa = PBXFileReference; explicitFileType = wrapper.application; includeInIndex = 0; path = SwiftUIDemo.app; sourceTree = BUILT_PRODUCTS_DIR; };
		00E0775728F6B7C600D9CE9F /* SwiftUIDemoApp.swift */ = {isa = PBXFileReference; lastKnownFileType = sourcecode.swift; path = SwiftUIDemoApp.swift; sourceTree = "<group>"; };
		00E0775928F6B7C600D9CE9F /* ContentView.swift */ = {isa = PBXFileReference; lastKnownFileType = sourcecode.swift; path = ContentView.swift; sourceTree = "<group>"; };
		00E0775B28F6B7C800D9CE9F /* Assets.xcassets */ = {isa = PBXFileReference; lastKnownFileType = folder.assetcatalog; path = Assets.xcassets; sourceTree = "<group>"; };
		00E0775E28F6B7C800D9CE9F /* Preview Assets.xcassets */ = {isa = PBXFileReference; lastKnownFileType = folder.assetcatalog; path = "Preview Assets.xcassets"; sourceTree = "<group>"; };
		00E0776428F6B7C800D9CE9F /* SwiftUIDemoTests.xctest */ = {isa = PBXFileReference; explicitFileType = wrapper.cfbundle; includeInIndex = 0; path = SwiftUIDemoTests.xctest; sourceTree = BUILT_PRODUCTS_DIR; };
		00E0776828F6B7C800D9CE9F /* SwiftUIDemoTests.swift */ = {isa = PBXFileReference; lastKnownFileType = sourcecode.swift; path = SwiftUIDemoTests.swift; sourceTree = "<group>"; };
		00E0776E28F6B7C800D9CE9F /* SwiftUIDemoUITests.xctest */ = {isa = PBXFileReference; explicitFileType = wrapper.cfbundle; includeInIndex = 0; path = SwiftUIDemoUITests.xctest; sourceTree = BUILT_PRODUCTS_DIR; };
		00E0777228F6B7C800D9CE9F /* SwiftUIDemoUITests.swift */ = {isa = PBXFileReference; lastKnownFileType = sourcecode.swift; path = SwiftUIDemoUITests.swift; sourceTree = "<group>"; };
		00E0777428F6B7C800D9CE9F /* SwiftUIDemoUITestsLaunchTests.swift */ = {isa = PBXFileReference; lastKnownFileType = sourcecode.swift; path = SwiftUIDemoUITestsLaunchTests.swift; sourceTree = "<group>"; };
		00E0778128F6C3E300D9CE9F /* CircleImage.swift */ = {isa = PBXFileReference; lastKnownFileType = sourcecode.swift; path = CircleImage.swift; sourceTree = "<group>"; };
		00E0778328F6C58700D9CE9F /* MapView.swift */ = {isa = PBXFileReference; lastKnownFileType = sourcecode.swift; path = MapView.swift; sourceTree = "<group>"; };
		00E0778628F6CC4300D9CE9F /* landmarkData.json */ = {isa = PBXFileReference; fileEncoding = 4; lastKnownFileType = text.json; path = landmarkData.json; sourceTree = "<group>"; };
		00E0778828F6CC6D00D9CE9F /* Landmarks.swift */ = {isa = PBXFileReference; lastKnownFileType = sourcecode.swift; path = Landmarks.swift; sourceTree = "<group>"; };
/* End PBXFileReference section */

/* Begin PBXFrameworksBuildPhase section */
		00E0775128F6B7C600D9CE9F /* Frameworks */ = {
			isa = PBXFrameworksBuildPhase;
			buildActionMask = 2147483647;
			files = (
			);
			runOnlyForDeploymentPostprocessing = 0;
		};
		00E0776128F6B7C800D9CE9F /* Frameworks */ = {
			isa = PBXFrameworksBuildPhase;
			buildActionMask = 2147483647;
			files = (
			);
			runOnlyForDeploymentPostprocessing = 0;
		};
		00E0776B28F6B7C800D9CE9F /* Frameworks */ = {
			isa = PBXFrameworksBuildPhase;
			buildActionMask = 2147483647;
			files = (
			);
			runOnlyForDeploymentPostprocessing = 0;
		};
/* End PBXFrameworksBuildPhase section */

/* Begin PBXGroup section */
		00E0774B28F6B7C600D9CE9F = {
			isa = PBXGroup;
			children = (
				00E0775628F6B7C600D9CE9F /* SwiftUIDemo */,
				00E0776728F6B7C800D9CE9F /* SwiftUIDemoTests */,
				00E0777128F6B7C800D9CE9F /* SwiftUIDemoUITests */,
				00E0775528F6B7C600D9CE9F /* Products */,
			);
			sourceTree = "<group>";
		};
		00E0775528F6B7C600D9CE9F /* Products */ = {
			isa = PBXGroup;
			children = (
				00E0775428F6B7C600D9CE9F /* SwiftUIDemo.app */,
				00E0776428F6B7C800D9CE9F /* SwiftUIDemoTests.xctest */,
				00E0776E28F6B7C800D9CE9F /* SwiftUIDemoUITests.xctest */,
			);
			name = Products;
			sourceTree = "<group>";
		};
		00E0775628F6B7C600D9CE9F /* SwiftUIDemo */ = {
			isa = PBXGroup;
			children = (
				00E0775728F6B7C600D9CE9F /* SwiftUIDemoApp.swift */,
				00E0775928F6B7C600D9CE9F /* ContentView.swift */,
				00E0775B28F6B7C800D9CE9F /* Assets.xcassets */,
				00E0775D28F6B7C800D9CE9F /* Preview Content */,
				00E0778528F6CC2B00D9CE9F /* Downloads */,
				00E0778828F6CC6D00D9CE9F /* Landmarks.swift */,
				004F5C0528F823D900FF244A /* ModelData.swift */,
			);
			path = SwiftUIDemo;
			sourceTree = "<group>";
		};
		00E0775D28F6B7C800D9CE9F /* Preview Content */ = {
			isa = PBXGroup;
			children = (
				00E0778128F6C3E300D9CE9F /* CircleImage.swift */,
				00E0778328F6C58700D9CE9F /* MapView.swift */,
				00E0775E28F6B7C800D9CE9F /* Preview Assets.xcassets */,
			);
			path = "Preview Content";
			sourceTree = "<group>";
		};
		00E0776728F6B7C800D9CE9F /* SwiftUIDemoTests */ = {
			isa = PBXGroup;
			children = (
				00E0776828F6B7C800D9CE9F /* SwiftUIDemoTests.swift */,
			);
			path = SwiftUIDemoTests;
			sourceTree = "<group>";
		};
		00E0777128F6B7C800D9CE9F /* SwiftUIDemoUITests */ = {
			isa = PBXGroup;
			children = (
				00E0777228F6B7C800D9CE9F /* SwiftUIDemoUITests.swift */,
				00E0777428F6B7C800D9CE9F /* SwiftUIDemoUITestsLaunchTests.swift */,
			);
			path = SwiftUIDemoUITests;
			sourceTree = "<group>";
		};
		00E0778528F6CC2B00D9CE9F /* Downloads */ = {
			isa = PBXGroup;
			children = (
				00E0778628F6CC4300D9CE9F /* landmarkData.json */,
			);
			path = Downloads;
			sourceTree = "<group>";
		};
/* End PBXGroup section */

/* Begin PBXNativeTarget section */
		00E0775328F6B7C600D9CE9F /* SwiftUIDemo */ = {
			isa = PBXNativeTarget;
			buildConfigurationList = 00E0777828F6B7C800D9CE9F /* Build configuration list for PBXNativeTarget "SwiftUIDemo" */;
			buildPhases = (
				00E0775028F6B7C600D9CE9F /* Sources */,
				00E0775128F6B7C600D9CE9F /* Frameworks */,
				00E0775228F6B7C600D9CE9F /* Resources */,
			);
			buildRules = (
			);
			dependencies = (
			);
			name = SwiftUIDemo;
			productName = SwiftUIDemo;
			productReference = 00E0775428F6B7C600D9CE9F /* SwiftUIDemo.app */;
			productType = "com.apple.product-type.application";
		};
		00E0776328F6B7C800D9CE9F /* SwiftUIDemoTests */ = {
			isa = PBXNativeTarget;
			buildConfigurationList = 00E0777B28F6B7C800D9CE9F /* Build configuration list for PBXNativeTarget "SwiftUIDemoTests" */;
			buildPhases = (
				00E0776028F6B7C800D9CE9F /* Sources */,
				00E0776128F6B7C800D9CE9F /* Frameworks */,
				00E0776228F6B7C800D9CE9F /* Resources */,
			);
			buildRules = (
			);
			dependencies = (
				00E0776628F6B7C800D9CE9F /* PBXTargetDependency */,
			);
			name = SwiftUIDemoTests;
			productName = SwiftUIDemoTests;
			productReference = 00E0776428F6B7C800D9CE9F /* SwiftUIDemoTests.xctest */;
			productType = "com.apple.product-type.bundle.unit-test";
		};
		00E0776D28F6B7C800D9CE9F /* SwiftUIDemoUITests */ = {
			isa = PBXNativeTarget;
			buildConfigurationList = 00E0777E28F6B7C800D9CE9F /* Build configuration list for PBXNativeTarget "SwiftUIDemoUITests" */;
			buildPhases = (
				00E0776A28F6B7C800D9CE9F /* Sources */,
				00E0776B28F6B7C800D9CE9F /* Frameworks */,
				00E0776C28F6B7C800D9CE9F /* Resources */,
			);
			buildRules = (
			);
			dependencies = (
				00E0777028F6B7C800D9CE9F /* PBXTargetDependency */,
			);
			name = SwiftUIDemoUITests;
			productName = SwiftUIDemoUITests;
			productReference = 00E0776E28F6B7C800D9CE9F /* SwiftUIDemoUITests.xctest */;
			productType = "com.apple.product-type.bundle.ui-testing";
		};
/* End PBXNativeTarget section */

/* Begin PBXProject section */
		00E0774C28F6B7C600D9CE9F /* Project object */ = {
			isa = PBXProject;
			attributes = {
				BuildIndependentTargetsInParallel = 1;
				LastSwiftUpdateCheck = 1300;
				LastUpgradeCheck = 1300;
				TargetAttributes = {
					00E0775328F6B7C600D9CE9F = {
						CreatedOnToolsVersion = 13.0;
					};
					00E0776328F6B7C800D9CE9F = {
						CreatedOnToolsVersion = 13.0;
						TestTargetID = 00E0775328F6B7C600D9CE9F;
					};
					00E0776D28F6B7C800D9CE9F = {
						CreatedOnToolsVersion = 13.0;
						TestTargetID = 00E0775328F6B7C600D9CE9F;
					};
				};
			};
			buildConfigurationList = 00E0774F28F6B7C600D9CE9F /* Build configuration list for PBXProject "SwiftUIDemo" */;
			compatibilityVersion = "Xcode 13.0";
			developmentRegion = en;
			hasScannedForEncodings = 0;
			knownRegions = (
				en,
				Base,
			);
			mainGroup = 00E0774B28F6B7C600D9CE9F;
			productRefGroup = 00E0775528F6B7C600D9CE9F /* Products */;
			projectDirPath = "";
			projectRoot = "";
			targets = (
				00E0775328F6B7C600D9CE9F /* SwiftUIDemo */,
				00E0776328F6B7C800D9CE9F /* SwiftUIDemoTests */,
				00E0776D28F6B7C800D9CE9F /* SwiftUIDemoUITests */,
			);
		};
/* End PBXProject section */

/* Begin PBXResourcesBuildPhase section */
		00E0775228F6B7C600D9CE9F /* Resources */ = {
			isa = PBXResourcesBuildPhase;
			buildActionMask = 2147483647;
			files = (
				00E0775F28F6B7C800D9CE9F /* Preview Assets.xcassets in Resources */,
				00E0775C28F6B7C800D9CE9F /* Assets.xcassets in Resources */,
				00E0778728F6CC4300D9CE9F /* landmarkData.json in Resources */,
			);
			runOnlyForDeploymentPostprocessing = 0;
		};
		00E0776228F6B7C800D9CE9F /* Resources */ = {
			isa = PBXResourcesBuildPhase;
			buildActionMask = 2147483647;
			files = (
			);
			runOnlyForDeploymentPostprocessing = 0;
		};
		00E0776C28F6B7C800D9CE9F /* Resources */ = {
			isa = PBXResourcesBuildPhase;
			buildActionMask = 2147483647;
			files = (
			);
			runOnlyForDeploymentPostprocessing = 0;
		};
/* End PBXResourcesBuildPhase section */

/* Begin PBXSourcesBuildPhase section */
		00E0775028F6B7C600D9CE9F /* Sources */ = {
			isa = PBXSourcesBuildPhase;
			buildActionMask = 2147483647;
			files = (
				00E0775A28F6B7C600D9CE9F /* ContentView.swift in Sources */,
				00E0778428F6C58700D9CE9F /* MapView.swift in Sources */,
				00E0775828F6B7C600D9CE9F /* SwiftUIDemoApp.swift in Sources */,
				00E0778928F6CC6D00D9CE9F /* Landmarks.swift in Sources */,
				00E0778228F6C3E300D9CE9F /* CircleImage.swift in Sources */,
				004F5C0628F823D900FF244A /* ModelData.swift in Sources */,
			);
			runOnlyForDeploymentPostprocessing = 0;
		};
		00E0776028F6B7C800D9CE9F /* Sources */ = {
			isa = PBXSourcesBuildPhase;
			buildActionMask = 2147483647;
			files = (
				00E0776928F6B7C800D9CE9F /* SwiftUIDemoTests.swift in Sources */,
			);
			runOnlyForDeploymentPostprocessing = 0;
		};
		00E0776A28F6B7C800D9CE9F /* Sources */ = {
			isa = PBXSourcesBuildPhase;
			buildActionMask = 2147483647;
			files = (
				00E0777328F6B7C800D9CE9F /* SwiftUIDemoUITests.swift in Sources */,
				00E0777528F6B7C800D9CE9F /* SwiftUIDemoUITestsLaunchTests.swift in Sources */,
			);
			runOnlyForDeploymentPostprocessing = 0;
		};
/* End PBXSourcesBuildPhase section */

/* Begin PBXTargetDependency section */
		00E0776628F6B7C800D9CE9F /* PBXTargetDependency */ = {
			isa = PBXTargetDependency;
			target = 00E0775328F6B7C600D9CE9F /* SwiftUIDemo */;
			targetProxy = 00E0776528F6B7C800D9CE9F /* PBXContainerItemProxy */;
		};
		00E0777028F6B7C800D9CE9F /* PBXTargetDependency */ = {
			isa = PBXTargetDependency;
			target = 00E0775328F6B7C600D9CE9F /* SwiftUIDemo */;
			targetProxy = 00E0776F28F6B7C800D9CE9F /* PBXContainerItemProxy */;
		};
/* End PBXTargetDependency section */

/* Begin XCBuildConfiguration section */
		00E0777628F6B7C800D9CE9F /* Debug */ = {
			isa = XCBuildConfiguration;
			buildSettings = {
				ALWAYS_SEARCH_USER_PATHS = NO;
				CLANG_ANALYZER_NONNULL = YES;
				CLANG_ANALYZER_NUMBER_OBJECT_CONVERSION = YES_AGGRESSIVE;
				CLANG_CXX_LANGUAGE_STANDARD = "gnu++17";
				CLANG_CXX_LIBRARY = "libc++";
				CLANG_ENABLE_MODULES = YES;
				CLANG_ENABLE_OBJC_ARC = YES;
				CLANG_ENABLE_OBJC_WEAK = YES;
				CLANG_WARN_BLOCK_CAPTURE_AUTORELEASING = YES;
				CLANG_WARN_BOOL_CONVERSION = YES;
				CLANG_WARN_COMMA = YES;
				CLANG_WARN_CONSTANT_CONVERSION = YES;
				CLANG_WARN_DEPRECATED_OBJC_IMPLEMENTATIONS = YES;
				CLANG_WARN_DIRECT_OBJC_ISA_USAGE = YES_ERROR;
				CLANG_WARN_DOCUMENTATION_COMMENTS = YES;
				CLANG_WARN_EMPTY_BODY = YES;
				CLANG_WARN_ENUM_CONVERSION = YES;
				CLANG_WARN_INFINITE_RECURSION = YES;
				CLANG_WARN_INT_CONVERSION = YES;
				CLANG_WARN_NON_LITERAL_NULL_CONVERSION = YES;
				CLANG_WARN_OBJC_IMPLICIT_RETAIN_SELF = YES;
				CLANG_WARN_OBJC_LITERAL_CONVERSION = YES;
				CLANG_WARN_OBJC_ROOT_CLASS = YES_ERROR;
				CLANG_WARN_QUOTED_INCLUDE_IN_FRAMEWORK_HEADER = YES;
				CLANG_WARN_RANGE_LOOP_ANALYSIS = YES;
				CLANG_WARN_STRICT_PROTOTYPES = YES;
				CLANG_WARN_SUSPICIOUS_MOVE = YES;
				CLANG_WARN_UNGUARDED_AVAILABILITY = YES_AGGRESSIVE;
				CLANG_WARN_UNREACHABLE_CODE = YES;
				CLANG_WARN__DUPLICATE_METHOD_MATCH = YES;
				COPY_PHASE_STRIP = NO;
				DEBUG_INFORMATION_FORMAT = dwarf;
				ENABLE_STRICT_OBJC_MSGSEND = YES;
				ENABLE_TESTABILITY = YES;
				GCC_C_LANGUAGE_STANDARD = gnu11;
				GCC_DYNAMIC_NO_PIC = NO;
				GCC_NO_COMMON_BLOCKS = YES;
				GCC_OPTIMIZATION_LEVEL = 0;
				GCC_PREPROCESSOR_DEFINITIONS = (
					"DEBUG=1",
					"$(inherited)",
				);
				GCC_WARN_64_TO_32_BIT_CONVERSION = YES;
				GCC_WARN_ABOUT_RETURN_TYPE = YES_ERROR;
				GCC_WARN_UNDECLARED_SELECTOR = YES;
				GCC_WARN_UNINITIALIZED_AUTOS = YES_AGGRESSIVE;
				GCC_WARN_UNUSED_FUNCTION = YES;
				GCC_WARN_UNUSED_VARIABLE = YES;
				IPHONEOS_DEPLOYMENT_TARGET = 15.0;
				MTL_ENABLE_DEBUG_INFO = INCLUDE_SOURCE;
				MTL_FAST_MATH = YES;
				ONLY_ACTIVE_ARCH = YES;
				SDKROOT = iphoneos;
				SWIFT_ACTIVE_COMPILATION_CONDITIONS = DEBUG;
				SWIFT_OPTIMIZATION_LEVEL = "-Onone";
			};
			name = Debug;
		};
		00E0777728F6B7C800D9CE9F /* Release */ = {
			isa = XCBuildConfiguration;
			buildSettings = {
				ALWAYS_SEARCH_USER_PATHS = NO;
				CLANG_ANALYZER_NONNULL = YES;
				CLANG_ANALYZER_NUMBER_OBJECT_CONVERSION = YES_AGGRESSIVE;
				CLANG_CXX_LANGUAGE_STANDARD = "gnu++17";
				CLANG_CXX_LIBRARY = "libc++";
				CLANG_ENABLE_MODULES = YES;
				CLANG_ENABLE_OBJC_ARC = YES;
				CLANG_ENABLE_OBJC_WEAK = YES;
				CLANG_WARN_BLOCK_CAPTURE_AUTORELEASING = YES;
				CLANG_WARN_BOOL_CONVERSION = YES;
				CLANG_WARN_COMMA = YES;
				CLANG_WARN_CONSTANT_CONVERSION = YES;
				CLANG_WARN_DEPRECATED_OBJC_IMPLEMENTATIONS = YES;
				CLANG_WARN_DIRECT_OBJC_ISA_USAGE = YES_ERROR;
				CLANG_WARN_DOCUMENTATION_COMMENTS = YES;
				CLANG_WARN_EMPTY_BODY = YES;
				CLANG_WARN_ENUM_CONVERSION = YES;
				CLANG_WARN_INFINITE_RECURSION = YES;
				CLANG_WARN_INT_CONVERSION = YES;
				CLANG_WARN_NON_LITERAL_NULL_CONVERSION = YES;
				CLANG_WARN_OBJC_IMPLICIT_RETAIN_SELF = YES;
				CLANG_WARN_OBJC_LITERAL_CONVERSION = YES;
				CLANG_WARN_OBJC_ROOT_CLASS = YES_ERROR;
				CLANG_WARN_QUOTED_INCLUDE_IN_FRAMEWORK_HEADER = YES;
				CLANG_WARN_RANGE_LOOP_ANALYSIS = YES;
				CLANG_WARN_STRICT_PROTOTYPES = YES;
				CLANG_WARN_SUSPICIOUS_MOVE = YES;
				CLANG_WARN_UNGUARDED_AVAILABILITY = YES_AGGRESSIVE;
				CLANG_WARN_UNREACHABLE_CODE = YES;
				CLANG_WARN__DUPLICATE_METHOD_MATCH = YES;
				COPY_PHASE_STRIP = NO;
				DEBUG_INFORMATION_FORMAT = "dwarf-with-dsym";
				ENABLE_NS_ASSERTIONS = NO;
				ENABLE_STRICT_OBJC_MSGSEND = YES;
				GCC_C_LANGUAGE_STANDARD = gnu11;
				GCC_NO_COMMON_BLOCKS = YES;
				GCC_WARN_64_TO_32_BIT_CONVERSION = YES;
				GCC_WARN_ABOUT_RETURN_TYPE = YES_ERROR;
				GCC_WARN_UNDECLARED_SELECTOR = YES;
				GCC_WARN_UNINITIALIZED_AUTOS = YES_AGGRESSIVE;
				GCC_WARN_UNUSED_FUNCTION = YES;
				GCC_WARN_UNUSED_VARIABLE = YES;
				IPHONEOS_DEPLOYMENT_TARGET = 15.0;
				MTL_ENABLE_DEBUG_INFO = NO;
				MTL_FAST_MATH = YES;
				SDKROOT = iphoneos;
				SWIFT_COMPILATION_MODE = wholemodule;
				SWIFT_OPTIMIZATION_LEVEL = "-O";
				VALIDATE_PRODUCT = YES;
			};
			name = Release;
		};
		00E0777928F6B7C800D9CE9F /* Debug */ = {
			isa = XCBuildConfiguration;
			buildSettings = {
				ASSETCATALOG_COMPILER_APPICON_NAME = AppIcon;
				ASSETCATALOG_COMPILER_GLOBAL_ACCENT_COLOR_NAME = AccentColor;
				CODE_SIGN_STYLE = Manual;
				CURRENT_PROJECT_VERSION = 1;
				DEVELOPMENT_ASSET_PATHS = "\"SwiftUIDemo/Preview Content\"";
				DEVELOPMENT_TEAM = "";
				ENABLE_PREVIEWS = YES;
				GENERATE_INFOPLIST_FILE = YES;
				INFOPLIST_KEY_UIApplicationSceneManifest_Generation = YES;
				INFOPLIST_KEY_UIApplicationSupportsIndirectInputEvents = YES;
				INFOPLIST_KEY_UILaunchScreen_Generation = YES;
				INFOPLIST_KEY_UISupportedInterfaceOrientations_iPad = "UIInterfaceOrientationPortrait UIInterfaceOrientationPortraitUpsideDown UIInterfaceOrientationLandscapeLeft UIInterfaceOrientationLandscapeRight";
				INFOPLIST_KEY_UISupportedInterfaceOrientations_iPhone = "UIInterfaceOrientationPortrait UIInterfaceOrientationLandscapeLeft UIInterfaceOrientationLandscapeRight";
				IPHONEOS_DEPLOYMENT_TARGET = 14.0;
				LD_RUNPATH_SEARCH_PATHS = (
					"$(inherited)",
					"@executable_path/Frameworks",
				);
				MARKETING_VERSION = 1.0;
				PRODUCT_BUNDLE_IDENTIFIER = IP.SwiftUIDemo;
				PRODUCT_NAME = "$(TARGET_NAME)";
				PROVISIONING_PROFILE_SPECIFIER = "";
				SWIFT_EMIT_LOC_STRINGS = YES;
				SWIFT_VERSION = 5.0;
				TARGETED_DEVICE_FAMILY = "1,2";
			};
			name = Debug;
		};
		00E0777A28F6B7C800D9CE9F /* Release */ = {
			isa = XCBuildConfiguration;
			buildSettings = {
				ASSETCATALOG_COMPILER_APPICON_NAME = AppIcon;
				ASSETCATALOG_COMPILER_GLOBAL_ACCENT_COLOR_NAME = AccentColor;
				CODE_SIGN_STYLE = Manual;
				CURRENT_PROJECT_VERSION = 1;
				DEVELOPMENT_ASSET_PATHS = "\"SwiftUIDemo/Preview Content\"";
				DEVELOPMENT_TEAM = "";
				ENABLE_PREVIEWS = YES;
				GENERATE_INFOPLIST_FILE = YES;
				INFOPLIST_KEY_UIApplicationSceneManifest_Generation = YES;
				INFOPLIST_KEY_UIApplicationSupportsIndirectInputEvents = YES;
				INFOPLIST_KEY_UILaunchScreen_Generation = YES;
				INFOPLIST_KEY_UISupportedInterfaceOrientations_iPad = "UIInterfaceOrientationPortrait UIInterfaceOrientationPortraitUpsideDown UIInterfaceOrientationLandscapeLeft UIInterfaceOrientationLandscapeRight";
				INFOPLIST_KEY_UISupportedInterfaceOrientations_iPhone = "UIInterfaceOrientationPortrait UIInterfaceOrientationLandscapeLeft UIInterfaceOrientationLandscapeRight";
				IPHONEOS_DEPLOYMENT_TARGET = 14.0;
				LD_RUNPATH_SEARCH_PATHS = (
					"$(inherited)",
					"@executable_path/Frameworks",
				);
				MARKETING_VERSION = 1.0;
				PRODUCT_BUNDLE_IDENTIFIER = IP.SwiftUIDemo;
				PRODUCT_NAME = "$(TARGET_NAME)";
				PROVISIONING_PROFILE_SPECIFIER = "";
				SWIFT_EMIT_LOC_STRINGS = YES;
				SWIFT_VERSION = 5.0;
				TARGETED_DEVICE_FAMILY = "1,2";
			};
			name = Release;
		};
		00E0777C28F6B7C800D9CE9F /* Debug */ = {
			isa = XCBuildConfiguration;
			buildSettings = {
				ALWAYS_EMBED_SWIFT_STANDARD_LIBRARIES = YES;
				BUNDLE_LOADER = "$(TEST_HOST)";
				CODE_SIGN_STYLE = Automatic;
				CURRENT_PROJECT_VERSION = 1;
				GENERATE_INFOPLIST_FILE = YES;
				IPHONEOS_DEPLOYMENT_TARGET = 14.0;
				LD_RUNPATH_SEARCH_PATHS = (
					"$(inherited)",
					"@executable_path/Frameworks",
					"@loader_path/Frameworks",
				);
				MARKETING_VERSION = 1.0;
				PRODUCT_BUNDLE_IDENTIFIER = IP.SwiftUIDemoTests;
				PRODUCT_NAME = "$(TARGET_NAME)";
				SWIFT_EMIT_LOC_STRINGS = NO;
				SWIFT_VERSION = 5.0;
				TARGETED_DEVICE_FAMILY = "1,2";
				TEST_HOST = "$(BUILT_PRODUCTS_DIR)/SwiftUIDemo.app/SwiftUIDemo";
			};
			name = Debug;
		};
		00E0777D28F6B7C800D9CE9F /* Release */ = {
			isa = XCBuildConfiguration;
			buildSettings = {
				ALWAYS_EMBED_SWIFT_STANDARD_LIBRARIES = YES;
				BUNDLE_LOADER = "$(TEST_HOST)";
				CODE_SIGN_STYLE = Automatic;
				CURRENT_PROJECT_VERSION = 1;
				GENERATE_INFOPLIST_FILE = YES;
				IPHONEOS_DEPLOYMENT_TARGET = 14.0;
				LD_RUNPATH_SEARCH_PATHS = (
					"$(inherited)",
					"@executable_path/Frameworks",
					"@loader_path/Frameworks",
				);
				MARKETING_VERSION = 1.0;
				PRODUCT_BUNDLE_IDENTIFIER = IP.SwiftUIDemoTests;
				PRODUCT_NAME = "$(TARGET_NAME)";
				SWIFT_EMIT_LOC_STRINGS = NO;
				SWIFT_VERSION = 5.0;
				TARGETED_DEVICE_FAMILY = "1,2";
				TEST_HOST = "$(BUILT_PRODUCTS_DIR)/SwiftUIDemo.app/SwiftUIDemo";
			};
			name = Release;
		};
		00E0777F28F6B7C800D9CE9F /* Debug */ = {
			isa = XCBuildConfiguration;
			buildSettings = {
				ALWAYS_EMBED_SWIFT_STANDARD_LIBRARIES = YES;
				CODE_SIGN_STYLE = Automatic;
				CURRENT_PROJECT_VERSION = 1;
				GENERATE_INFOPLIST_FILE = YES;
				LD_RUNPATH_SEARCH_PATHS = (
					"$(inherited)",
					"@executable_path/Frameworks",
					"@loader_path/Frameworks",
				);
				MARKETING_VERSION = 1.0;
				PRODUCT_BUNDLE_IDENTIFIER = IP.SwiftUIDemoUITests;
				PRODUCT_NAME = "$(TARGET_NAME)";
				SWIFT_EMIT_LOC_STRINGS = NO;
				SWIFT_VERSION = 5.0;
				TARGETED_DEVICE_FAMILY = "1,2";
				TEST_TARGET_NAME = SwiftUIDemo;
			};
			name = Debug;
		};
		00E0778028F6B7C800D9CE9F /* Release */ = {
			isa = XCBuildConfiguration;
			buildSettings = {
				ALWAYS_EMBED_SWIFT_STANDARD_LIBRARIES = YES;
				CODE_SIGN_STYLE = Automatic;
				CURRENT_PROJECT_VERSION = 1;
				GENERATE_INFOPLIST_FILE = YES;
				LD_RUNPATH_SEARCH_PATHS = (
					"$(inherited)",
					"@executable_path/Frameworks",
					"@loader_path/Frameworks",
				);
				MARKETING_VERSION = 1.0;
				PRODUCT_BUNDLE_IDENTIFIER = IP.SwiftUIDemoUITests;
				PRODUCT_NAME = "$(TARGET_NAME)";
				SWIFT_EMIT_LOC_STRINGS = NO;
				SWIFT_VERSION = 5.0;
				TARGETED_DEVICE_FAMILY = "1,2";
				TEST_TARGET_NAME = SwiftUIDemo;
			};
			name = Release;
		};
/* End XCBuildConfiguration section */

/* Begin XCConfigurationList section */
		00E0774F28F6B7C600D9CE9F /* Build configuration list for PBXProject "SwiftUIDemo" */ = {
			isa = XCConfigurationList;
			buildConfigurations = (
				00E0777628F6B7C800D9CE9F /* Debug */,
				00E0777728F6B7C800D9CE9F /* Release */,
			);
			defaultConfigurationIsVisible = 0;
			defaultConfigurationName = Release;
		};
		00E0777828F6B7C800D9CE9F /* Build configuration list for PBXNativeTarget "SwiftUIDemo" */ = {
			isa = XCConfigurationList;
			buildConfigurations = (
				00E0777928F6B7C800D9CE9F /* Debug */,
				00E0777A28F6B7C800D9CE9F /* Release */,
			);
			defaultConfigurationIsVisible = 0;
			defaultConfigurationName = Release;
		};
		00E0777B28F6B7C800D9CE9F /* Build configuration list for PBXNativeTarget "SwiftUIDemoTests" */ = {
			isa = XCConfigurationList;
			buildConfigurations = (
				00E0777C28F6B7C800D9CE9F /* Debug */,
				00E0777D28F6B7C800D9CE9F /* Release */,
			);
			defaultConfigurationIsVisible = 0;
			defaultConfigurationName = Release;
		};
		00E0777E28F6B7C800D9CE9F /* Build configuration list for PBXNativeTarget "SwiftUIDemoUITests" */ = {
			isa = XCConfigurationList;
			buildConfigurations = (
				00E0777F28F6B7C800D9CE9F /* Debug */,
				00E0778028F6B7C800D9CE9F /* Release */,
			);
			defaultConfigurationIsVisible = 0;
			defaultConfigurationName = Release;
		};
/* End XCConfigurationList section */
	};
	rootObject = 00E0774C28F6B7C600D9CE9F /* Project object */;
}
